
Microsoft Visual Studio Solution File, Format Version 12.00
# Visual Studio Version 17
VisualStudioVersion = 17.5.33502.453
MinimumVisualStudioVersion = 10.0.40219.1
Project("{FAE04EC0-301F-11D3-BF4B-00C04F79EFBC}") = "WearDataBase", "WearDataBase.csproj", "{636BE341-A32A-4A97-B7B4-C9515F2347D3}"
EndProject
Global
	GlobalSection(SolutionConfigurationPlatforms) = preSolution
		Debug|Any CPU = Debug|Any CPU
		Release|Any CPU = Release|Any CPU
	EndGlobalSection
	GlobalSection(ProjectConfigurationPlatforms) = postSolution
		{636BE341-A32A-4A97-B7B4-C9515F2347D3}.Debug|Any CPU.ActiveCfg = Debug|Any CPU
		{636BE341-A32A-4A97-B7B4-C9515F2347D3}.Debug|Any CPU.Build.0 = Debug|Any CPU
		{636BE341-A32A-4A97-B7B4-C9515F2347D3}.Release|Any CPU.ActiveCfg = Release|Any CPU
		{636BE341-A32A-4A97-B7B4-C9515F2347D3}.Release|Any CPU.Build.0 = Release|Any CPU
	EndGlobalSection
	GlobalSection(SolutionProperties) = preSolution
		HideSolutionNode = FALSE
	EndGlobalSection
	GlobalSection(ExtensibilityGlobals) = postSolution
		SolutionGuid = {BCED9FAF-9047-4B35-AC2A-F782F2968E22}
	EndGlobalSection
EndGlobal
